
Microsoft Visual Studio Solution File, Format Version 12.00
# Visual Studio Version 17
VisualStudioVersion = 17.11.35222.181
MinimumVisualStudioVersion = 10.0.40219.1
Project("{FAE04EC0-301F-11D3-BF4B-00C04F79EFBC}") = "QuizOpdracht", "QuizOpdracht\QuizOpdracht.csproj", "{60CE1FC8-B15E-4D72-B933-3BB5C4BC8E69}"
EndProject
Global
	GlobalSection(SolutionConfigurationPlatforms) = preSolution
		Debug|Any CPU = Debug|Any CPU
		Release|Any CPU = Release|Any CPU
	EndGlobalSection
	GlobalSection(ProjectConfigurationPlatforms) = postSolution
		{60CE1FC8-B15E-4D72-B933-3BB5C4BC8E69}.Debug|Any CPU.ActiveCfg = Debug|Any CPU
		{60CE1FC8-B15E-4D72-B933-3BB5C4BC8E69}.Debug|Any CPU.Build.0 = Debug|Any CPU
		{60CE1FC8-B15E-4D72-B933-3BB5C4BC8E69}.Release|Any CPU.ActiveCfg = Release|Any CPU
		{60CE1FC8-B15E-4D72-B933-3BB5C4BC8E69}.Release|Any CPU.Build.0 = Release|Any CPU
	EndGlobalSection
	GlobalSection(SolutionProperties) = preSolution
		HideSolutionNode = FALSE
	EndGlobalSection
	GlobalSection(ExtensibilityGlobals) = postSolution
		SolutionGuid = {DB0FD8A5-F411-4E2F-BCA2-388053A4BC4F}
	EndGlobalSection
EndGlobal
